# THIS IS AN AUTOGENERATED FILE. DO NOT EDIT THIS FILE DIRECTLY.
# yarn lockfile v1


"@heroicons/react@^2.2.0":
  version "2.2.0"
  resolved "https://registry.yarnpkg.com/@heroicons/react/-/react-2.2.0.tgz#0c05124af50434a800773abec8d3af6a297d904b"
  integrity sha512-LMcepvRaS9LYHJGsF0zzmgKCUim/X3N/DQKc4jepAXJ7l8QxJ1PmxJzqplF2Z3FE4PqBAIGyJAQ/w4B5dsqbtQ==

"@hookform/resolvers@^4.1.3":
  version "4.1.3"
  resolved "https://registry.yarnpkg.com/@hookform/resolvers/-/resolvers-4.1.3.tgz#97a20cc0e88d3b66c50e1e9fd6e089a94c689e07"
  integrity sha512-Jsv6UOWYTrEFJ/01ZrnwVXs7KDvP8XIo115i++5PWvNkNvkrsTfGiLS6w+eJ57CYtUtDQalUWovCZDHFJ8u1VQ==
  dependencies:
    "@standard-schema/utils" "^0.3.0"

"@standard-schema/utils@^0.3.0":
  version "0.3.0"
  resolved "https://registry.yarnpkg.com/@standard-schema/utils/-/utils-0.3.0.tgz#3d5e608f16c2390c10528e98e59aef6bf73cae7b"
  integrity sha512-e7Mew686owMaPJVNNLs55PUvgz371nKgwsc4vxE49zsODpJEnxgxRo2y/OKrqueavXgZNMDVj3DdHFlaSAeU8g==

react-hook-form@^7.54.2:
  version "7.54.2"
  resolved "https://registry.yarnpkg.com/react-hook-form/-/react-hook-form-7.54.2.tgz#8c26ed54c71628dff57ccd3c074b1dd377cfb211"
  integrity sha512-eHpAUgUjWbZocoQYUHposymRb4ZP6d0uwUnooL2uOybA9/3tPUvoAKqEWK1WaSiTxxOfTpffNZP7QwlnM3/gEg==

zod@^3.24.2:
  version "3.24.2"
  resolved "https://registry.yarnpkg.com/zod/-/zod-3.24.2.tgz#8efa74126287c675e92f46871cfc8d15c34372b3"
  integrity sha512-lY7CDW43ECgW9u1TcT3IoXHflywfVqDYze4waEz812jR/bZ8FHDsl7pFQoSZTz5N+2NqRXs8GBwnAwo3ZNxqhQ==
